
Microsoft Visual Studio Solution File, Format Version 12.00
# Visual Studio Version 17
VisualStudioVersion = 17.1.32421.90
MinimumVisualStudioVersion = 10.0.40219.1
Project("{9A19103F-16F7-4668-BE54-9A1E7A4F7556}") = "SimCorp", "SimCorp\SimCorp.csproj", "{3A4C0A54-6115-4005-AA88-AE8D82A00867}"
EndProject
Project("{9A19103F-16F7-4668-BE54-9A1E7A4F7556}") = "WordCounting.Abstractions", "WordCounting.Abstractions\WordCounting.Abstractions.csproj", "{5FA1CB0F-F7A0-42B6-9BF0-84EFA060395D}"
EndProject
Project("{9A19103F-16F7-4668-BE54-9A1E7A4F7556}") = "WordCounting.BL", "WordCounting.BL\WordCounting.BL.csproj", "{5E52B1E0-F3CC-411D-A43F-A0E14439F7F9}"
EndProject
Project("{9A19103F-16F7-4668-BE54-9A1E7A4F7556}") = "WordCounting.Settings", "WordCounting.Settings\WordCounting.Settings.csproj", "{544A4CF5-9439-48C8-900D-A8EC0870432A}"
EndProject
Global
	GlobalSection(SolutionConfigurationPlatforms) = preSolution
		Debug|Any CPU = Debug|Any CPU
		Release|Any CPU = Release|Any CPU
	EndGlobalSection
	GlobalSection(ProjectConfigurationPlatforms) = postSolution
		{3A4C0A54-6115-4005-AA88-AE8D82A00867}.Debug|Any CPU.ActiveCfg = Debug|Any CPU
		{3A4C0A54-6115-4005-AA88-AE8D82A00867}.Debug|Any CPU.Build.0 = Debug|Any CPU
		{3A4C0A54-6115-4005-AA88-AE8D82A00867}.Release|Any CPU.ActiveCfg = Release|Any CPU
		{3A4C0A54-6115-4005-AA88-AE8D82A00867}.Release|Any CPU.Build.0 = Release|Any CPU
		{5FA1CB0F-F7A0-42B6-9BF0-84EFA060395D}.Debug|Any CPU.ActiveCfg = Debug|Any CPU
		{5FA1CB0F-F7A0-42B6-9BF0-84EFA060395D}.Debug|Any CPU.Build.0 = Debug|Any CPU
		{5FA1CB0F-F7A0-42B6-9BF0-84EFA060395D}.Release|Any CPU.ActiveCfg = Release|Any CPU
		{5FA1CB0F-F7A0-42B6-9BF0-84EFA060395D}.Release|Any CPU.Build.0 = Release|Any CPU
		{5E52B1E0-F3CC-411D-A43F-A0E14439F7F9}.Debug|Any CPU.ActiveCfg = Debug|Any CPU
		{5E52B1E0-F3CC-411D-A43F-A0E14439F7F9}.Debug|Any CPU.Build.0 = Debug|Any CPU
		{5E52B1E0-F3CC-411D-A43F-A0E14439F7F9}.Release|Any CPU.ActiveCfg = Release|Any CPU
		{5E52B1E0-F3CC-411D-A43F-A0E14439F7F9}.Release|Any CPU.Build.0 = Release|Any CPU
		{544A4CF5-9439-48C8-900D-A8EC0870432A}.Debug|Any CPU.ActiveCfg = Debug|Any CPU
		{544A4CF5-9439-48C8-900D-A8EC0870432A}.Debug|Any CPU.Build.0 = Debug|Any CPU
		{544A4CF5-9439-48C8-900D-A8EC0870432A}.Release|Any CPU.ActiveCfg = Release|Any CPU
		{544A4CF5-9439-48C8-900D-A8EC0870432A}.Release|Any CPU.Build.0 = Release|Any CPU
	EndGlobalSection
	GlobalSection(SolutionProperties) = preSolution
		HideSolutionNode = FALSE
	EndGlobalSection
	GlobalSection(ExtensibilityGlobals) = postSolution
		SolutionGuid = {796FBD02-ACD7-49A7-9F69-4EBBFE9FA192}
	EndGlobalSection
EndGlobal
