
Microsoft Visual Studio Solution File, Format Version 12.00
# Visual Studio Version 17
VisualStudioVersion = 17.1.32421.90
MinimumVisualStudioVersion = 10.0.40219.1
Project("{FAE04EC0-301F-11D3-BF4B-00C04F79EFBC}") = "ConsoleApp1", "ConsoleApp1\ConsoleApp1.csproj", "{AE8E0BAB-5807-4655-97DA-6567193BC798}"
EndProject
Global
	GlobalSection(SolutionConfigurationPlatforms) = preSolution
		Debug|Any CPU = Debug|Any CPU
		Release|Any CPU = Release|Any CPU
	EndGlobalSection
	GlobalSection(ProjectConfigurationPlatforms) = postSolution
		{AE8E0BAB-5807-4655-97DA-6567193BC798}.Debug|Any CPU.ActiveCfg = Debug|Any CPU
		{AE8E0BAB-5807-4655-97DA-6567193BC798}.Debug|Any CPU.Build.0 = Debug|Any CPU
		{AE8E0BAB-5807-4655-97DA-6567193BC798}.Release|Any CPU.ActiveCfg = Release|Any CPU
		{AE8E0BAB-5807-4655-97DA-6567193BC798}.Release|Any CPU.Build.0 = Release|Any CPU
	EndGlobalSection
	GlobalSection(SolutionProperties) = preSolution
		HideSolutionNode = FALSE
	EndGlobalSection
	GlobalSection(ExtensibilityGlobals) = postSolution
		SolutionGuid = {556E434A-58E4-4048-B2EC-74D7456C0146}
	EndGlobalSection
EndGlobal
